
Microsoft Visual Studio Solution File, Format Version 12.00
# Visual Studio Version 16
VisualStudioVersion = 16.0.29609.76
MinimumVisualStudioVersion = 10.0.40219.1
Project("{FAE04EC0-301F-11D3-BF4B-00C04F79EFBC}") = "PI7Sstring", "PI7Sstring\PI7Sstring.csproj", "{1A669FC6-A375-4E3D-A810-EDA7EC38C7C8}"
EndProject
Global
	GlobalSection(SolutionConfigurationPlatforms) = preSolution
		Debug|Any CPU = Debug|Any CPU
		Release|Any CPU = Release|Any CPU
	EndGlobalSection
	GlobalSection(ProjectConfigurationPlatforms) = postSolution
		{1A669FC6-A375-4E3D-A810-EDA7EC38C7C8}.Debug|Any CPU.ActiveCfg = Debug|Any CPU
		{1A669FC6-A375-4E3D-A810-EDA7EC38C7C8}.Debug|Any CPU.Build.0 = Debug|Any CPU
		{1A669FC6-A375-4E3D-A810-EDA7EC38C7C8}.Release|Any CPU.ActiveCfg = Release|Any CPU
		{1A669FC6-A375-4E3D-A810-EDA7EC38C7C8}.Release|Any CPU.Build.0 = Release|Any CPU
	EndGlobalSection
	GlobalSection(SolutionProperties) = preSolution
		HideSolutionNode = FALSE
	EndGlobalSection
	GlobalSection(ExtensibilityGlobals) = postSolution
		SolutionGuid = {3A3CDDE4-3C08-4082-BA9E-BE7AB15093CA}
	EndGlobalSection
EndGlobal
